# This file is automatically @generated by Cargo.
# It is not intended for manual editing.
version = 3

[[package]]
name = "smolmatrix"
version = "0.1.3"
source = "registry+https://github.com/rust-lang/crates.io-index"
checksum = "6783214a39dece74930e70eb5c307b7af1c3afbe2d43f66c822ed038ff92a918"

[[package]]
name = "smolnn"
version = "0.1.0"
dependencies = [
 "smolmatrix",
]
